
Microsoft Visual Studio Solution File, Format Version 12.00
# Visual Studio Version 17
VisualStudioVersion = 17.14.36127.28
MinimumVisualStudioVersion = 10.0.40219.1
Project("{FAE04EC0-301F-11D3-BF4B-00C04F79EFBC}") = "WaterTimeServer.Server", "WaterTimeServer.Server\WaterTimeServer.Server.csproj", "{C222457E-FFC4-8F55-26B8-B1AF2B9D5F7D}"
EndProject
Project("{FAE04EC0-301F-11D3-BF4B-00C04F79EFBC}") = "WaterTimeServer.Infraestructure", "WaterTimeServer.Infraestructure\WaterTimeServer.Infraestructure.csproj", "{FC75AFF3-125B-4361-9416-207418A3DDC9}"
EndProject
Project("{FAE04EC0-301F-11D3-BF4B-00C04F79EFBC}") = "WaterTimeServer.Shared", "WaterTimeServer.Shared\WaterTimeServer.Shared.csproj", "{56932767-6318-420A-AC06-D98C5E144342}"
EndProject
Project("{FAE04EC0-301F-11D3-BF4B-00C04F79EFBC}") = "WaterTimeServer.Application", "WaterTimeServer.Application\WaterTimeServer.Application.csproj", "{66D2CE08-D771-4FFF-A7CC-96408DC10E55}"
EndProject
Global
	GlobalSection(SolutionConfigurationPlatforms) = preSolution
		Debug|Any CPU = Debug|Any CPU
		Release|Any CPU = Release|Any CPU
	EndGlobalSection
	GlobalSection(ProjectConfigurationPlatforms) = postSolution
		{C222457E-FFC4-8F55-26B8-B1AF2B9D5F7D}.Debug|Any CPU.ActiveCfg = Debug|Any CPU
		{C222457E-FFC4-8F55-26B8-B1AF2B9D5F7D}.Debug|Any CPU.Build.0 = Debug|Any CPU
		{C222457E-FFC4-8F55-26B8-B1AF2B9D5F7D}.Release|Any CPU.ActiveCfg = Release|Any CPU
		{C222457E-FFC4-8F55-26B8-B1AF2B9D5F7D}.Release|Any CPU.Build.0 = Release|Any CPU
		{FC75AFF3-125B-4361-9416-207418A3DDC9}.Debug|Any CPU.ActiveCfg = Debug|Any CPU
		{FC75AFF3-125B-4361-9416-207418A3DDC9}.Debug|Any CPU.Build.0 = Debug|Any CPU
		{FC75AFF3-125B-4361-9416-207418A3DDC9}.Release|Any CPU.ActiveCfg = Release|Any CPU
		{FC75AFF3-125B-4361-9416-207418A3DDC9}.Release|Any CPU.Build.0 = Release|Any CPU
		{56932767-6318-420A-AC06-D98C5E144342}.Debug|Any CPU.ActiveCfg = Debug|Any CPU
		{56932767-6318-420A-AC06-D98C5E144342}.Debug|Any CPU.Build.0 = Debug|Any CPU
		{56932767-6318-420A-AC06-D98C5E144342}.Release|Any CPU.ActiveCfg = Release|Any CPU
		{56932767-6318-420A-AC06-D98C5E144342}.Release|Any CPU.Build.0 = Release|Any CPU
		{66D2CE08-D771-4FFF-A7CC-96408DC10E55}.Debug|Any CPU.ActiveCfg = Debug|Any CPU
		{66D2CE08-D771-4FFF-A7CC-96408DC10E55}.Debug|Any CPU.Build.0 = Debug|Any CPU
		{66D2CE08-D771-4FFF-A7CC-96408DC10E55}.Release|Any CPU.ActiveCfg = Release|Any CPU
		{66D2CE08-D771-4FFF-A7CC-96408DC10E55}.Release|Any CPU.Build.0 = Release|Any CPU
	EndGlobalSection
	GlobalSection(SolutionProperties) = preSolution
		HideSolutionNode = FALSE
	EndGlobalSection
	GlobalSection(ExtensibilityGlobals) = postSolution
		SolutionGuid = {47E0E6D6-03A7-4A31-BE31-219223E73174}
	EndGlobalSection
EndGlobal
